
Microsoft Visual Studio Solution File, Format Version 12.00
# Visual Studio Version 17
VisualStudioVersion = 17.2.32505.173
MinimumVisualStudioVersion = 10.0.40219.1
Project("{2150E333-8FDC-42A3-9474-1A3956D46DE8}") = "Services", "Services", "{0907D40C-6F24-4809-AE68-C42FCB2B2892}"
EndProject
Project("{2150E333-8FDC-42A3-9474-1A3956D46DE8}") = "Catalog", "Catalog", "{4B773437-AC63-4D5A-A68F-230C33774C40}"
EndProject
Project("{9A19103F-16F7-4668-BE54-9A1E7A4F7556}") = "Catalog.API", "Services\Catalog\Catalog.API\Catalog.API.csproj", "{3F9E9A48-91E7-48CB-88C6-21E5BC40AB00}"
EndProject
Project("{E53339B2-1760-4266-BCC7-CA923CBCF16C}") = "docker-compose", "docker-compose.dcproj", "{7051640D-63DC-4136-9E08-8ABAF108E274}"
EndProject
Project("{2150E333-8FDC-42A3-9474-1A3956D46DE8}") = "Basket", "Basket", "{13AC59AD-7EA6-47D8-8720-1EFEB17EA555}"
EndProject
Project("{9A19103F-16F7-4668-BE54-9A1E7A4F7556}") = "Basket.API", "Services\Basket\Basket.API\Basket.API.csproj", "{EB7CFFA0-B0BC-4D6F-BBEC-7B157B57426E}"
EndProject
Project("{2150E333-8FDC-42A3-9474-1A3956D46DE8}") = "Discount", "Discount", "{DDBBDE13-2D67-4E7A-9D24-C102A9BBE50E}"
EndProject
Project("{9A19103F-16F7-4668-BE54-9A1E7A4F7556}") = "Discount.API", "Services\Discount\Discount.API\Discount.API.csproj", "{451BC990-4FBC-42C6-872B-D992131223DD}"
EndProject
Project("{9A19103F-16F7-4668-BE54-9A1E7A4F7556}") = "Discount.Grpc", "Services\Discount\Discount.Grpc\Discount.Grpc.csproj", "{C735607F-3E03-4C6E-B798-7ECC9A0E3005}"
EndProject
Project("{2150E333-8FDC-42A3-9474-1A3956D46DE8}") = "Ordering", "Ordering", "{472EC209-ACA0-4267-A404-D9FA899DF81E}"
EndProject
Project("{9A19103F-16F7-4668-BE54-9A1E7A4F7556}") = "Ordering.API", "Services\Ordering\Ordering.API\Ordering.API.csproj", "{8A0B8F60-18A0-4BA1-AD3D-BDA931657534}"
EndProject
Project("{9A19103F-16F7-4668-BE54-9A1E7A4F7556}") = "Ordering.Domain", "Services\Ordering\Ordering.Domain\Ordering.Domain.csproj", "{4C8A5477-B99F-4AC0-A256-939C80622CB3}"
EndProject
Project("{9A19103F-16F7-4668-BE54-9A1E7A4F7556}") = "Ordering.Application", "Services\Ordering\Ordering.Application\Ordering.Application.csproj", "{05763EC3-120C-431D-8564-31C406B03C05}"
EndProject
Project("{9A19103F-16F7-4668-BE54-9A1E7A4F7556}") = "Ordering.Infrastructure", "Services\Ordering\Ordering.Infrastructure\Ordering.Infrastructure.csproj", "{CFCB70E1-9898-4426-A192-F40649FD08EE}"
EndProject
Project("{2150E333-8FDC-42A3-9474-1A3956D46DE8}") = "BuildingBlocks", "BuildingBlocks", "{9757659D-FE35-4EED-9DE8-71C8ECDF8B41}"
EndProject
Project("{9A19103F-16F7-4668-BE54-9A1E7A4F7556}") = "EventBus.Messages", "BuildingBlocks\EventBus.Messages\EventBus.Messages.csproj", "{0B0A73AD-EF7B-4C04-BEC6-9E1AAF25C5A7}"
EndProject
Project("{2150E333-8FDC-42A3-9474-1A3956D46DE8}") = "ApiGateways", "ApiGateways", "{D37FA33A-F211-4D6D-9F5F-A4F1ADB64117}"
EndProject
Project("{FAE04EC0-301F-11D3-BF4B-00C04F79EFBC}") = "OcelotApiGw", "ApiGateways\OcelotApiGw\OcelotApiGw.csproj", "{79E6E0F9-94B1-4B8B-91A8-6E54A780BC07}"
EndProject
Global
	GlobalSection(SolutionConfigurationPlatforms) = preSolution
		Debug|Any CPU = Debug|Any CPU
		Release|Any CPU = Release|Any CPU
	EndGlobalSection
	GlobalSection(ProjectConfigurationPlatforms) = postSolution
		{3F9E9A48-91E7-48CB-88C6-21E5BC40AB00}.Debug|Any CPU.ActiveCfg = Debug|Any CPU
		{3F9E9A48-91E7-48CB-88C6-21E5BC40AB00}.Debug|Any CPU.Build.0 = Debug|Any CPU
		{3F9E9A48-91E7-48CB-88C6-21E5BC40AB00}.Release|Any CPU.ActiveCfg = Release|Any CPU
		{3F9E9A48-91E7-48CB-88C6-21E5BC40AB00}.Release|Any CPU.Build.0 = Release|Any CPU
		{7051640D-63DC-4136-9E08-8ABAF108E274}.Debug|Any CPU.ActiveCfg = Debug|Any CPU
		{7051640D-63DC-4136-9E08-8ABAF108E274}.Debug|Any CPU.Build.0 = Debug|Any CPU
		{7051640D-63DC-4136-9E08-8ABAF108E274}.Release|Any CPU.ActiveCfg = Release|Any CPU
		{7051640D-63DC-4136-9E08-8ABAF108E274}.Release|Any CPU.Build.0 = Release|Any CPU
		{EB7CFFA0-B0BC-4D6F-BBEC-7B157B57426E}.Debug|Any CPU.ActiveCfg = Debug|Any CPU
		{EB7CFFA0-B0BC-4D6F-BBEC-7B157B57426E}.Debug|Any CPU.Build.0 = Debug|Any CPU
		{EB7CFFA0-B0BC-4D6F-BBEC-7B157B57426E}.Release|Any CPU.ActiveCfg = Release|Any CPU
		{EB7CFFA0-B0BC-4D6F-BBEC-7B157B57426E}.Release|Any CPU.Build.0 = Release|Any CPU
		{451BC990-4FBC-42C6-872B-D992131223DD}.Debug|Any CPU.ActiveCfg = Debug|Any CPU
		{451BC990-4FBC-42C6-872B-D992131223DD}.Debug|Any CPU.Build.0 = Debug|Any CPU
		{451BC990-4FBC-42C6-872B-D992131223DD}.Release|Any CPU.ActiveCfg = Release|Any CPU
		{451BC990-4FBC-42C6-872B-D992131223DD}.Release|Any CPU.Build.0 = Release|Any CPU
		{C735607F-3E03-4C6E-B798-7ECC9A0E3005}.Debug|Any CPU.ActiveCfg = Debug|Any CPU
		{C735607F-3E03-4C6E-B798-7ECC9A0E3005}.Debug|Any CPU.Build.0 = Debug|Any CPU
		{C735607F-3E03-4C6E-B798-7ECC9A0E3005}.Release|Any CPU.ActiveCfg = Release|Any CPU
		{C735607F-3E03-4C6E-B798-7ECC9A0E3005}.Release|Any CPU.Build.0 = Release|Any CPU
		{8A0B8F60-18A0-4BA1-AD3D-BDA931657534}.Debug|Any CPU.ActiveCfg = Debug|Any CPU
		{8A0B8F60-18A0-4BA1-AD3D-BDA931657534}.Debug|Any CPU.Build.0 = Debug|Any CPU
		{8A0B8F60-18A0-4BA1-AD3D-BDA931657534}.Release|Any CPU.ActiveCfg = Release|Any CPU
		{8A0B8F60-18A0-4BA1-AD3D-BDA931657534}.Release|Any CPU.Build.0 = Release|Any CPU
		{4C8A5477-B99F-4AC0-A256-939C80622CB3}.Debug|Any CPU.ActiveCfg = Debug|Any CPU
		{4C8A5477-B99F-4AC0-A256-939C80622CB3}.Debug|Any CPU.Build.0 = Debug|Any CPU
		{4C8A5477-B99F-4AC0-A256-939C80622CB3}.Release|Any CPU.ActiveCfg = Release|Any CPU
		{4C8A5477-B99F-4AC0-A256-939C80622CB3}.Release|Any CPU.Build.0 = Release|Any CPU
		{05763EC3-120C-431D-8564-31C406B03C05}.Debug|Any CPU.ActiveCfg = Debug|Any CPU
		{05763EC3-120C-431D-8564-31C406B03C05}.Debug|Any CPU.Build.0 = Debug|Any CPU
		{05763EC3-120C-431D-8564-31C406B03C05}.Release|Any CPU.ActiveCfg = Release|Any CPU
		{05763EC3-120C-431D-8564-31C406B03C05}.Release|Any CPU.Build.0 = Release|Any CPU
		{CFCB70E1-9898-4426-A192-F40649FD08EE}.Debug|Any CPU.ActiveCfg = Debug|Any CPU
		{CFCB70E1-9898-4426-A192-F40649FD08EE}.Debug|Any CPU.Build.0 = Debug|Any CPU
		{CFCB70E1-9898-4426-A192-F40649FD08EE}.Release|Any CPU.ActiveCfg = Release|Any CPU
		{CFCB70E1-9898-4426-A192-F40649FD08EE}.Release|Any CPU.Build.0 = Release|Any CPU
		{0B0A73AD-EF7B-4C04-BEC6-9E1AAF25C5A7}.Debug|Any CPU.ActiveCfg = Debug|Any CPU
		{0B0A73AD-EF7B-4C04-BEC6-9E1AAF25C5A7}.Debug|Any CPU.Build.0 = Debug|Any CPU
		{0B0A73AD-EF7B-4C04-BEC6-9E1AAF25C5A7}.Release|Any CPU.ActiveCfg = Release|Any CPU
		{0B0A73AD-EF7B-4C04-BEC6-9E1AAF25C5A7}.Release|Any CPU.Build.0 = Release|Any CPU
		{79E6E0F9-94B1-4B8B-91A8-6E54A780BC07}.Debug|Any CPU.ActiveCfg = Debug|Any CPU
		{79E6E0F9-94B1-4B8B-91A8-6E54A780BC07}.Debug|Any CPU.Build.0 = Debug|Any CPU
		{79E6E0F9-94B1-4B8B-91A8-6E54A780BC07}.Release|Any CPU.ActiveCfg = Release|Any CPU
		{79E6E0F9-94B1-4B8B-91A8-6E54A780BC07}.Release|Any CPU.Build.0 = Release|Any CPU
	EndGlobalSection
	GlobalSection(SolutionProperties) = preSolution
		HideSolutionNode = FALSE
	EndGlobalSection
	GlobalSection(NestedProjects) = preSolution
		{4B773437-AC63-4D5A-A68F-230C33774C40} = {0907D40C-6F24-4809-AE68-C42FCB2B2892}
		{3F9E9A48-91E7-48CB-88C6-21E5BC40AB00} = {4B773437-AC63-4D5A-A68F-230C33774C40}
		{13AC59AD-7EA6-47D8-8720-1EFEB17EA555} = {0907D40C-6F24-4809-AE68-C42FCB2B2892}
		{EB7CFFA0-B0BC-4D6F-BBEC-7B157B57426E} = {13AC59AD-7EA6-47D8-8720-1EFEB17EA555}
		{DDBBDE13-2D67-4E7A-9D24-C102A9BBE50E} = {0907D40C-6F24-4809-AE68-C42FCB2B2892}
		{451BC990-4FBC-42C6-872B-D992131223DD} = {DDBBDE13-2D67-4E7A-9D24-C102A9BBE50E}
		{C735607F-3E03-4C6E-B798-7ECC9A0E3005} = {DDBBDE13-2D67-4E7A-9D24-C102A9BBE50E}
		{472EC209-ACA0-4267-A404-D9FA899DF81E} = {0907D40C-6F24-4809-AE68-C42FCB2B2892}
		{8A0B8F60-18A0-4BA1-AD3D-BDA931657534} = {472EC209-ACA0-4267-A404-D9FA899DF81E}
		{4C8A5477-B99F-4AC0-A256-939C80622CB3} = {472EC209-ACA0-4267-A404-D9FA899DF81E}
		{05763EC3-120C-431D-8564-31C406B03C05} = {472EC209-ACA0-4267-A404-D9FA899DF81E}
		{CFCB70E1-9898-4426-A192-F40649FD08EE} = {472EC209-ACA0-4267-A404-D9FA899DF81E}
		{0B0A73AD-EF7B-4C04-BEC6-9E1AAF25C5A7} = {9757659D-FE35-4EED-9DE8-71C8ECDF8B41}
		{79E6E0F9-94B1-4B8B-91A8-6E54A780BC07} = {D37FA33A-F211-4D6D-9F5F-A4F1ADB64117}
	EndGlobalSection
	GlobalSection(ExtensibilityGlobals) = postSolution
		SolutionGuid = {631B951D-7BFA-4D65-BC2B-A3F4D5F0416F}
	EndGlobalSection
EndGlobal
